
Microsoft Visual Studio Solution File, Format Version 12.00
# Visual Studio Version 17
VisualStudioVersion = 17.14.36429.23 d17.14
MinimumVisualStudioVersion = 10.0.40219.1
Project("{FAE04EC0-301F-11D3-BF4B-00C04F79EFBC}") = "PlanMenager", "PlanMenager.csproj", "{711AB6B0-D395-4323-9921-D28B25EBCFE8}"
EndProject
Global
	GlobalSection(SolutionConfigurationPlatforms) = preSolution
		Debug|Any CPU = Debug|Any CPU
		Release|Any CPU = Release|Any CPU
	EndGlobalSection
	GlobalSection(ProjectConfigurationPlatforms) = postSolution
		{711AB6B0-D395-4323-9921-D28B25EBCFE8}.Debug|Any CPU.ActiveCfg = Debug|Any CPU
		{711AB6B0-D395-4323-9921-D28B25EBCFE8}.Debug|Any CPU.Build.0 = Debug|Any CPU
		{711AB6B0-D395-4323-9921-D28B25EBCFE8}.Release|Any CPU.ActiveCfg = Release|Any CPU
		{711AB6B0-D395-4323-9921-D28B25EBCFE8}.Release|Any CPU.Build.0 = Release|Any CPU
	EndGlobalSection
	GlobalSection(SolutionProperties) = preSolution
		HideSolutionNode = FALSE
	EndGlobalSection
	GlobalSection(ExtensibilityGlobals) = postSolution
		SolutionGuid = {67763185-B19D-47FF-A216-D950731792C6}
	EndGlobalSection
EndGlobal
